
Microsoft Visual Studio Solution File, Format Version 12.00
# Visual Studio Version 17
VisualStudioVersion = 17.3.32922.545
MinimumVisualStudioVersion = 10.0.40219.1
Project("{2150E333-8FDC-42A3-9474-1A3956D46DE8}") = "Services", "Services", "{21067216-B909-4D99-B93D-814DA627243F}"
EndProject
Project("{2150E333-8FDC-42A3-9474-1A3956D46DE8}") = "Location", "Location", "{BD4E9929-DA2B-4D85-B210-9E8626538020}"
EndProject
Project("{9A19103F-16F7-4668-BE54-9A1E7A4F7556}") = "Location.API", "Services\Location\Location.API\Location.API.csproj", "{84196C29-8600-4A08-AA11-21EA0E41E029}"
	ProjectSection(ProjectDependencies) = postProject
		{06E3EE5B-0B7D-4125-A808-596BABFAD9EA} = {06E3EE5B-0B7D-4125-A808-596BABFAD9EA}
	EndProjectSection
EndProject
Project("{E53339B2-1760-4266-BCC7-CA923CBCF16C}") = "docker-compose", "docker-compose.dcproj", "{A5213F21-D520-4B58-A258-FF644D6C5CD7}"
EndProject
Project("{9A19103F-16F7-4668-BE54-9A1E7A4F7556}") = "Location.Service", "Services\Location\Location.Service\Location.Service.csproj", "{06E3EE5B-0B7D-4125-A808-596BABFAD9EA}"
EndProject
Project("{9A19103F-16F7-4668-BE54-9A1E7A4F7556}") = "Location.Data", "Services\Location\Location.Data\Location.Data.csproj", "{AAF23A0B-2FAE-4D0B-8CE1-DFB51D06ACEB}"
EndProject
Project("{2150E333-8FDC-42A3-9474-1A3956D46DE8}") = "Asset", "Asset", "{96934CC9-46A4-4EB4-B90D-61CC03EBF944}"
EndProject
Project("{9A19103F-16F7-4668-BE54-9A1E7A4F7556}") = "Asset.API", "Services\Asset\Asset.API\Asset.API.csproj", "{3B8E3C7A-A286-4363-BCC5-00EC91E932CB}"
EndProject
Project("{9A19103F-16F7-4668-BE54-9A1E7A4F7556}") = "Asset.Domain", "Services\Asset\Asset.Domain\Asset.Domain.csproj", "{521140E6-DAD9-44A8-9F09-5B200D07D7ED}"
EndProject
Project("{9A19103F-16F7-4668-BE54-9A1E7A4F7556}") = "Asset.Application", "Services\Asset\Asset.Application\Asset.Application.csproj", "{FF8A659E-D5AB-4DE7-B53A-2FC324DA6BB4}"
EndProject
Project("{9A19103F-16F7-4668-BE54-9A1E7A4F7556}") = "Asset.Infrastructure", "Services\Asset\Asset.Infrastructure\Asset.Infrastructure.csproj", "{F14C130C-9DC9-49DE-8E45-7D9D500FCE7D}"
EndProject
Project("{9A19103F-16F7-4668-BE54-9A1E7A4F7556}") = "Asset.EventBus.Messages", "Services\Asset\Asset.EventBus.Messages\Asset.EventBus.Messages.csproj", "{BA17D504-F090-4994-A340-DD01F5E2E582}"
EndProject
Project("{2150E333-8FDC-42A3-9474-1A3956D46DE8}") = "Shared", "Shared", "{374B5368-A0A4-4AA8-A1BE-EE26E80A6649}"
EndProject
Project("{FAE04EC0-301F-11D3-BF4B-00C04F79EFBC}") = "EventBus.Messages", "Shared\EventBus.Messages\EventBus.Messages.csproj", "{2F7CFE12-B419-455E-AAD5-3AE6B597AF24}"
EndProject
Global
	GlobalSection(SolutionConfigurationPlatforms) = preSolution
		Debug|Any CPU = Debug|Any CPU
		Release|Any CPU = Release|Any CPU
	EndGlobalSection
	GlobalSection(ProjectConfigurationPlatforms) = postSolution
		{84196C29-8600-4A08-AA11-21EA0E41E029}.Debug|Any CPU.ActiveCfg = Debug|Any CPU
		{84196C29-8600-4A08-AA11-21EA0E41E029}.Debug|Any CPU.Build.0 = Debug|Any CPU
		{84196C29-8600-4A08-AA11-21EA0E41E029}.Release|Any CPU.ActiveCfg = Release|Any CPU
		{84196C29-8600-4A08-AA11-21EA0E41E029}.Release|Any CPU.Build.0 = Release|Any CPU
		{A5213F21-D520-4B58-A258-FF644D6C5CD7}.Debug|Any CPU.ActiveCfg = Debug|Any CPU
		{A5213F21-D520-4B58-A258-FF644D6C5CD7}.Debug|Any CPU.Build.0 = Debug|Any CPU
		{A5213F21-D520-4B58-A258-FF644D6C5CD7}.Release|Any CPU.ActiveCfg = Release|Any CPU
		{A5213F21-D520-4B58-A258-FF644D6C5CD7}.Release|Any CPU.Build.0 = Release|Any CPU
		{06E3EE5B-0B7D-4125-A808-596BABFAD9EA}.Debug|Any CPU.ActiveCfg = Debug|Any CPU
		{06E3EE5B-0B7D-4125-A808-596BABFAD9EA}.Debug|Any CPU.Build.0 = Debug|Any CPU
		{06E3EE5B-0B7D-4125-A808-596BABFAD9EA}.Release|Any CPU.ActiveCfg = Release|Any CPU
		{06E3EE5B-0B7D-4125-A808-596BABFAD9EA}.Release|Any CPU.Build.0 = Release|Any CPU
		{AAF23A0B-2FAE-4D0B-8CE1-DFB51D06ACEB}.Debug|Any CPU.ActiveCfg = Debug|Any CPU
		{AAF23A0B-2FAE-4D0B-8CE1-DFB51D06ACEB}.Debug|Any CPU.Build.0 = Debug|Any CPU
		{AAF23A0B-2FAE-4D0B-8CE1-DFB51D06ACEB}.Release|Any CPU.ActiveCfg = Release|Any CPU
		{AAF23A0B-2FAE-4D0B-8CE1-DFB51D06ACEB}.Release|Any CPU.Build.0 = Release|Any CPU
		{3B8E3C7A-A286-4363-BCC5-00EC91E932CB}.Debug|Any CPU.ActiveCfg = Debug|Any CPU
		{3B8E3C7A-A286-4363-BCC5-00EC91E932CB}.Debug|Any CPU.Build.0 = Debug|Any CPU
		{3B8E3C7A-A286-4363-BCC5-00EC91E932CB}.Release|Any CPU.ActiveCfg = Release|Any CPU
		{3B8E3C7A-A286-4363-BCC5-00EC91E932CB}.Release|Any CPU.Build.0 = Release|Any CPU
		{521140E6-DAD9-44A8-9F09-5B200D07D7ED}.Debug|Any CPU.ActiveCfg = Debug|Any CPU
		{521140E6-DAD9-44A8-9F09-5B200D07D7ED}.Debug|Any CPU.Build.0 = Debug|Any CPU
		{521140E6-DAD9-44A8-9F09-5B200D07D7ED}.Release|Any CPU.ActiveCfg = Release|Any CPU
		{521140E6-DAD9-44A8-9F09-5B200D07D7ED}.Release|Any CPU.Build.0 = Release|Any CPU
		{FF8A659E-D5AB-4DE7-B53A-2FC324DA6BB4}.Debug|Any CPU.ActiveCfg = Debug|Any CPU
		{FF8A659E-D5AB-4DE7-B53A-2FC324DA6BB4}.Debug|Any CPU.Build.0 = Debug|Any CPU
		{FF8A659E-D5AB-4DE7-B53A-2FC324DA6BB4}.Release|Any CPU.ActiveCfg = Release|Any CPU
		{FF8A659E-D5AB-4DE7-B53A-2FC324DA6BB4}.Release|Any CPU.Build.0 = Release|Any CPU
		{F14C130C-9DC9-49DE-8E45-7D9D500FCE7D}.Debug|Any CPU.ActiveCfg = Debug|Any CPU
		{F14C130C-9DC9-49DE-8E45-7D9D500FCE7D}.Debug|Any CPU.Build.0 = Debug|Any CPU
		{F14C130C-9DC9-49DE-8E45-7D9D500FCE7D}.Release|Any CPU.ActiveCfg = Release|Any CPU
		{F14C130C-9DC9-49DE-8E45-7D9D500FCE7D}.Release|Any CPU.Build.0 = Release|Any CPU
		{BA17D504-F090-4994-A340-DD01F5E2E582}.Debug|Any CPU.ActiveCfg = Debug|Any CPU
		{BA17D504-F090-4994-A340-DD01F5E2E582}.Debug|Any CPU.Build.0 = Debug|Any CPU
		{BA17D504-F090-4994-A340-DD01F5E2E582}.Release|Any CPU.ActiveCfg = Release|Any CPU
		{BA17D504-F090-4994-A340-DD01F5E2E582}.Release|Any CPU.Build.0 = Release|Any CPU
		{2F7CFE12-B419-455E-AAD5-3AE6B597AF24}.Debug|Any CPU.ActiveCfg = Debug|Any CPU
		{2F7CFE12-B419-455E-AAD5-3AE6B597AF24}.Debug|Any CPU.Build.0 = Debug|Any CPU
		{2F7CFE12-B419-455E-AAD5-3AE6B597AF24}.Release|Any CPU.ActiveCfg = Release|Any CPU
		{2F7CFE12-B419-455E-AAD5-3AE6B597AF24}.Release|Any CPU.Build.0 = Release|Any CPU
	EndGlobalSection
	GlobalSection(SolutionProperties) = preSolution
		HideSolutionNode = FALSE
	EndGlobalSection
	GlobalSection(NestedProjects) = preSolution
		{BD4E9929-DA2B-4D85-B210-9E8626538020} = {21067216-B909-4D99-B93D-814DA627243F}
		{84196C29-8600-4A08-AA11-21EA0E41E029} = {BD4E9929-DA2B-4D85-B210-9E8626538020}
		{06E3EE5B-0B7D-4125-A808-596BABFAD9EA} = {BD4E9929-DA2B-4D85-B210-9E8626538020}
		{AAF23A0B-2FAE-4D0B-8CE1-DFB51D06ACEB} = {BD4E9929-DA2B-4D85-B210-9E8626538020}
		{96934CC9-46A4-4EB4-B90D-61CC03EBF944} = {21067216-B909-4D99-B93D-814DA627243F}
		{3B8E3C7A-A286-4363-BCC5-00EC91E932CB} = {96934CC9-46A4-4EB4-B90D-61CC03EBF944}
		{521140E6-DAD9-44A8-9F09-5B200D07D7ED} = {96934CC9-46A4-4EB4-B90D-61CC03EBF944}
		{FF8A659E-D5AB-4DE7-B53A-2FC324DA6BB4} = {96934CC9-46A4-4EB4-B90D-61CC03EBF944}
		{F14C130C-9DC9-49DE-8E45-7D9D500FCE7D} = {96934CC9-46A4-4EB4-B90D-61CC03EBF944}
		{BA17D504-F090-4994-A340-DD01F5E2E582} = {96934CC9-46A4-4EB4-B90D-61CC03EBF944}
		{2F7CFE12-B419-455E-AAD5-3AE6B597AF24} = {374B5368-A0A4-4AA8-A1BE-EE26E80A6649}
	EndGlobalSection
	GlobalSection(ExtensibilityGlobals) = postSolution
		SolutionGuid = {A889DAF6-A2A4-41F0-B780-C1EB0AD0DE28}
	EndGlobalSection
EndGlobal
